
Microsoft Visual Studio Solution File, Format Version 12.00
# Visual Studio Version 16
VisualStudioVersion = 16.0.30907.101
MinimumVisualStudioVersion = 10.0.40219.1
Project("{FAE04EC0-301F-11D3-BF4B-00C04F79EFBC}") = "XmlBasicsDemo.Application", "XmlBasicsDemo.Application\XmlBasicsDemo.Application.csproj", "{C6CA64EA-A047-414A-98DE-2D4C2908DD72}"
EndProject
Global
	GlobalSection(SolutionConfigurationPlatforms) = preSolution
		Debug|Any CPU = Debug|Any CPU
		Release|Any CPU = Release|Any CPU
	EndGlobalSection
	GlobalSection(ProjectConfigurationPlatforms) = postSolution
		{C6CA64EA-A047-414A-98DE-2D4C2908DD72}.Debug|Any CPU.ActiveCfg = Debug|Any CPU
		{C6CA64EA-A047-414A-98DE-2D4C2908DD72}.Debug|Any CPU.Build.0 = Debug|Any CPU
		{C6CA64EA-A047-414A-98DE-2D4C2908DD72}.Release|Any CPU.ActiveCfg = Release|Any CPU
		{C6CA64EA-A047-414A-98DE-2D4C2908DD72}.Release|Any CPU.Build.0 = Release|Any CPU
	EndGlobalSection
	GlobalSection(SolutionProperties) = preSolution
		HideSolutionNode = FALSE
	EndGlobalSection
	GlobalSection(ExtensibilityGlobals) = postSolution
		SolutionGuid = {9AE89E55-CD94-4B08-95D8-FBE0BE03FDF8}
	EndGlobalSection
EndGlobal
